
Microsoft Visual Studio Solution File, Format Version 12.00
# Visual Studio 15
Project("{FAE04EC0-301F-11D3-BF4B-00C04F79EFBC}") = "Assembly-CSharp", "Assembly-CSharp.csproj", "{D9F85F45-E8E8-67A0-EEC1-8DF5FF872767}"
EndProject
Project("{FAE04EC0-301F-11D3-BF4B-00C04F79EFBC}") = "Assembly-CSharp-Editor", "Assembly-CSharp-Editor.csproj", "{0E83DDDA-EB60-AC5B-96B3-859D82E0927C}"
EndProject
Global
	GlobalSection(SolutionConfigurationPlatforms) = preSolution
		Debug|Any CPU = Debug|Any CPU
		Release|Any CPU = Release|Any CPU
	EndGlobalSection
	GlobalSection(ProjectConfigurationPlatforms) = postSolution
		{D9F85F45-E8E8-67A0-EEC1-8DF5FF872767}.Debug|Any CPU.ActiveCfg = Debug|Any CPU
		{D9F85F45-E8E8-67A0-EEC1-8DF5FF872767}.Debug|Any CPU.Build.0 = Debug|Any CPU
		{D9F85F45-E8E8-67A0-EEC1-8DF5FF872767}.Release|Any CPU.ActiveCfg = Release|Any CPU
		{D9F85F45-E8E8-67A0-EEC1-8DF5FF872767}.Release|Any CPU.Build.0 = Release|Any CPU
		{0E83DDDA-EB60-AC5B-96B3-859D82E0927C}.Debug|Any CPU.ActiveCfg = Debug|Any CPU
		{0E83DDDA-EB60-AC5B-96B3-859D82E0927C}.Debug|Any CPU.Build.0 = Debug|Any CPU
		{0E83DDDA-EB60-AC5B-96B3-859D82E0927C}.Release|Any CPU.ActiveCfg = Release|Any CPU
		{0E83DDDA-EB60-AC5B-96B3-859D82E0927C}.Release|Any CPU.Build.0 = Release|Any CPU
	EndGlobalSection
	GlobalSection(SolutionProperties) = preSolution
		HideSolutionNode = FALSE
	EndGlobalSection
EndGlobal
