
Microsoft Visual Studio Solution File, Format Version 11.00
# Visual Studio 2010
Project("{FAE04EC0-301F-11D3-BF4B-00C04F79EFBC}") = "Assembly-CSharp", "Assembly-CSharp.csproj", "{f188cefb-5fe2-af14-c61e-30977e83146c}"
EndProject
Project("{FAE04EC0-301F-11D3-BF4B-00C04F79EFBC}") = "Assembly-CSharp-Editor", "Assembly-CSharp-Editor.csproj", "{047aad18-2dbe-038e-9d1c-d2619a0c1eec}"
EndProject
Global
	GlobalSection(SolutionConfigurationPlatforms) = preSolution
		Debug|Any CPU = Debug|Any CPU
		Release|Any CPU = Release|Any CPU
	EndGlobalSection
	GlobalSection(ProjectConfigurationPlatforms) = postSolution
		{f188cefb-5fe2-af14-c61e-30977e83146c}.Debug|Any CPU.ActiveCfg = Debug|Any CPU
		{f188cefb-5fe2-af14-c61e-30977e83146c}.Debug|Any CPU.Build.0 = Debug|Any CPU
		{f188cefb-5fe2-af14-c61e-30977e83146c}.Release|Any CPU.ActiveCfg = Release|Any CPU
		{f188cefb-5fe2-af14-c61e-30977e83146c}.Release|Any CPU.Build.0 = Release|Any CPU
		{047aad18-2dbe-038e-9d1c-d2619a0c1eec}.Debug|Any CPU.ActiveCfg = Debug|Any CPU
		{047aad18-2dbe-038e-9d1c-d2619a0c1eec}.Debug|Any CPU.Build.0 = Debug|Any CPU
		{047aad18-2dbe-038e-9d1c-d2619a0c1eec}.Release|Any CPU.ActiveCfg = Release|Any CPU
		{047aad18-2dbe-038e-9d1c-d2619a0c1eec}.Release|Any CPU.Build.0 = Release|Any CPU
	EndGlobalSection
	GlobalSection(SolutionProperties) = preSolution
		HideSolutionNode = FALSE
	EndGlobalSection
EndGlobal
